
Microsoft Visual Studio Solution File, Format Version 12.00
# Visual Studio Version 16
VisualStudioVersion = 16.0.31025.194
MinimumVisualStudioVersion = 10.0.40219.1
Project("{FAE04EC0-301F-11D3-BF4B-00C04F79EFBC}") = "App1", "App1\App1.csproj", "{B5BF7311-060F-4507-9C08-09961A8185B9}"
EndProject
Global
	GlobalSection(SolutionConfigurationPlatforms) = preSolution
		Debug|Any CPU = Debug|Any CPU
		Release|Any CPU = Release|Any CPU
	EndGlobalSection
	GlobalSection(ProjectConfigurationPlatforms) = postSolution
		{B5BF7311-060F-4507-9C08-09961A8185B9}.Debug|Any CPU.ActiveCfg = Debug|Any CPU
		{B5BF7311-060F-4507-9C08-09961A8185B9}.Debug|Any CPU.Build.0 = Debug|Any CPU
		{B5BF7311-060F-4507-9C08-09961A8185B9}.Release|Any CPU.ActiveCfg = Release|Any CPU
		{B5BF7311-060F-4507-9C08-09961A8185B9}.Release|Any CPU.Build.0 = Release|Any CPU
	EndGlobalSection
	GlobalSection(SolutionProperties) = preSolution
		HideSolutionNode = FALSE
	EndGlobalSection
	GlobalSection(ExtensibilityGlobals) = postSolution
		SolutionGuid = {B396E749-C7C1-4F58-B0FA-14B8D1466872}
	EndGlobalSection
EndGlobal
